
Microsoft Visual Studio Solution File, Format Version 12.00
# Visual Studio Version 17
VisualStudioVersion = 17.13.35931.197 d17.13
MinimumVisualStudioVersion = 10.0.40219.1
Project("{8BC9CEB8-8B4A-11D0-8D11-00A0C91BC942}") = "GM31_kadai1", "GM31_kadai1.vcxproj", "{71FD0B88-9E19-4D0C-AA79-C3FAE6D40192}"
EndProject
Global
	GlobalSection(SolutionConfigurationPlatforms) = preSolution
		Debug|x64 = Debug|x64
		Debug|x86 = Debug|x86
		Release|x64 = Release|x64
		Release|x86 = Release|x86
	EndGlobalSection
	GlobalSection(ProjectConfigurationPlatforms) = postSolution
		{71FD0B88-9E19-4D0C-AA79-C3FAE6D40192}.Debug|x64.ActiveCfg = Debug|x64
		{71FD0B88-9E19-4D0C-AA79-C3FAE6D40192}.Debug|x64.Build.0 = Debug|x64
		{71FD0B88-9E19-4D0C-AA79-C3FAE6D40192}.Debug|x86.ActiveCfg = Debug|Win32
		{71FD0B88-9E19-4D0C-AA79-C3FAE6D40192}.Debug|x86.Build.0 = Debug|Win32
		{71FD0B88-9E19-4D0C-AA79-C3FAE6D40192}.Release|x64.ActiveCfg = Release|x64
		{71FD0B88-9E19-4D0C-AA79-C3FAE6D40192}.Release|x64.Build.0 = Release|x64
		{71FD0B88-9E19-4D0C-AA79-C3FAE6D40192}.Release|x86.ActiveCfg = Release|Win32
		{71FD0B88-9E19-4D0C-AA79-C3FAE6D40192}.Release|x86.Build.0 = Release|Win32
	EndGlobalSection
	GlobalSection(SolutionProperties) = preSolution
		HideSolutionNode = FALSE
	EndGlobalSection
	GlobalSection(ExtensibilityGlobals) = postSolution
		SolutionGuid = {B083ED9B-A40B-443B-9F6D-9B372209A2F8}
	EndGlobalSection
EndGlobal
