<?xml version="1.0" encoding="utf-8"?>
<Project ToolsVersion="4.0" xmlns="http://schemas.microsoft.com/developer/msbuild/2003">
  <ItemGroup>
    <Filter Include="ソース ファイル">
      <UniqueIdentifier>{4FC737F1-C7A5-4376-A066-2A32D752A2FF}</UniqueIdentifier>
      <Extensions>cpp;c;cc;cxx;c++;cppm;ixx;def;odl;idl;hpj;bat;asm;asmx</Extensions>
    </Filter>
    <Filter Include="ヘッダー ファイル">
      <UniqueIdentifier>{93995380-89BD-4b04-88EB-625FBE52EBFB}</UniqueIdentifier>
      <Extensions>h;hh;hpp;hxx;h++;hm;inl;inc;ipp;xsd</Extensions>
    </Filter>
    <Filter Include="リソース ファイル">
      <UniqueIdentifier>{67DA6AB6-F800-4c08-8B7A-83BB121AAD01}</UniqueIdentifier>
      <Extensions>rc;ico;cur;bmp;dlg;rc2;rct;bin;rgs;gif;jpg;jpeg;jpe;resx;tiff;tif;png;wav;mfcribbon-ms</Extensions>
    </Filter>
    <Filter Include="ソース ファイル\Object">
      <UniqueIdentifier>{84f55962-2177-40d6-b95f-32fe2c22910b}</UniqueIdentifier>
    </Filter>
    <Filter Include="ソース ファイル\system">
      <UniqueIdentifier>{86565b2c-8e0e-455e-82bb-d6b9aedf889a}</UniqueIdentifier>
    </Filter>
    <Filter Include="ソース ファイル\system\Imgui">
      <UniqueIdentifier>{b8f499cc-cd7a-4fcd-8ecb-158d49fd0e34}</UniqueIdentifier>
    </Filter>
    <Filter Include="ヘッダー ファイル\Object">
      <UniqueIdentifier>{1041e035-f8a6-4d8b-aad3-1c2b47915b37}</UniqueIdentifier>
    </Filter>
    <Filter Include="ソース ファイル\Scene">
      <UniqueIdentifier>{cafb0489-8fc0-436e-a607-43149535d5af}</UniqueIdentifier>
    </Filter>
    <Filter Include="ヘッダー ファイル\Scene">
      <UniqueIdentifier>{45aab99d-f9e6-4ac7-b726-4b9b860c1af7}</UniqueIdentifier>
    </Filter>
    <Filter Include="ソース ファイル\Object\Road">
      <UniqueIdentifier>{c5ff539b-1f19-40aa-b246-c9b58e842eaa}</UniqueIdentifier>
    </Filter>
    <Filter Include="ヘッダー ファイル\Object\Road">
      <UniqueIdentifier>{24d3bee9-0df7-4822-a5dd-c75e481b9e67}</UniqueIdentifier>
    </Filter>
    <Filter Include="ソース ファイル\Manager">
      <UniqueIdentifier>{e7d76215-c2e6-4288-85af-1106fe1f955a}</UniqueIdentifier>
    </Filter>
    <Filter Include="ヘッダー ファイル\Manager">
      <UniqueIdentifier>{2a0ddcbb-e3b6-4d5d-8364-fd861a127ddb}</UniqueIdentifier>
    </Filter>
  </ItemGroup>
  <ItemGroup>
    <ClInclude Include="Application.h">
      <Filter>ヘッダー ファイル</Filter>
    </ClInclude>
    <ClInclude Include="camera.h">
      <Filter>ヘッダー ファイル</Filter>
    </ClInclude>
    <ClInclude Include="fpscontrol.h">
      <Filter>ヘッダー ファイル</Filter>
    </ClInclude>
    <ClInclude Include="main.h">
      <Filter>ヘッダー ファイル</Filter>
    </ClInclude>
    <ClInclude Include="Skydome.h">
      <Filter>ヘッダー ファイル</Filter>
    </ClInclude>
    <ClInclude Include="system\AssimpPerse.h">
      <Filter>ソース ファイル\system</Filter>
    </ClInclude>
    <ClInclude Include="system\BoxDrawer.h">
      <Filter>ソース ファイル\system</Filter>
    </ClInclude>
    <ClInclude Include="system\C3DShape.h">
      <Filter>ソース ファイル\system</Filter>
    </ClInclude>
    <ClInclude Include="system\CapsuleDrawer.h">
      <Filter>ソース ファイル\system</Filter>
    </ClInclude>
    <ClInclude Include="system\CBoxMesh.h">
      <Filter>ソース ファイル\system</Filter>
    </ClInclude>
    <ClInclude Include="system\CConeMesh.h">
      <Filter>ソース ファイル\system</Filter>
    </ClInclude>
    <ClInclude Include="system\CCylinderMesh.h">
      <Filter>ソース ファイル\system</Filter>
    </ClInclude>
    <ClInclude Include="system\CDirectInput.h">
      <Filter>ソース ファイル\system</Filter>
    </ClInclude>
    <ClInclude Include="system\CIndexBuffer.h">
      <Filter>ソース ファイル\system</Filter>
    </ClInclude>
    <ClInclude Include="system\CLineMesh.h">
      <Filter>ソース ファイル\system</Filter>
    </ClInclude>
    <ClInclude Include="system\CMaterial.h">
      <Filter>ソース ファイル\system</Filter>
    </ClInclude>
    <ClInclude Include="system\CMesh.h">
      <Filter>ソース ファイル\system</Filter>
    </ClInclude>
    <ClInclude Include="system\CMeshRenderer.h">
      <Filter>ソース ファイル\system</Filter>
    </ClInclude>
    <ClInclude Include="system\CObj3DMesh.h">
      <Filter>ソース ファイル\system</Filter>
    </ClInclude>
    <ClInclude Include="system\collision.h">
      <Filter>ソース ファイル\system</Filter>
    </ClInclude>
    <ClInclude Include="system\commontypes.h">
      <Filter>ソース ファイル\system</Filter>
    </ClInclude>
    <ClInclude Include="system\ConeDrawer.h">
      <Filter>ソース ファイル\system</Filter>
    </ClInclude>
    <ClInclude Include="system\CPlane.h">
      <Filter>ソース ファイル\system</Filter>
    </ClInclude>
    <ClInclude Include="system\CPlaneMesh.h">
      <Filter>ソース ファイル\system</Filter>
    </ClInclude>
    <ClInclude Include="system\CPolar3D.h">
      <Filter>ソース ファイル\system</Filter>
    </ClInclude>
    <ClInclude Include="system\CShader.h">
      <Filter>ソース ファイル\system</Filter>
    </ClInclude>
    <ClInclude Include="system\CSphereMesh.h">
      <Filter>ソース ファイル\system</Filter>
    </ClInclude>
    <ClInclude Include="system\CSprite.h">
      <Filter>ソース ファイル\system</Filter>
    </ClInclude>
    <ClInclude Include="system\CStaticMesh.h">
      <Filter>ソース ファイル\system</Filter>
    </ClInclude>
    <ClInclude Include="system\CStaticMeshRenderer.h">
      <Filter>ソース ファイル\system</Filter>
    </ClInclude>
    <ClInclude Include="system\CTexture.h">
      <Filter>ソース ファイル\system</Filter>
    </ClInclude>
    <ClInclude Include="system\CTreeNode.h">
      <Filter>ソース ファイル\system</Filter>
    </ClInclude>
    <ClInclude Include="system\CVertexBuffer.h">
      <Filter>ソース ファイル\system</Filter>
    </ClInclude>
    <ClInclude Include="system\CylinderDrawer.h">
      <Filter>ソース ファイル\system</Filter>
    </ClInclude>
    <ClInclude Include="system\DebugUI.h">
      <Filter>ソース ファイル\system</Filter>
    </ClInclude>
    <ClInclude Include="system\dx11helper.h">
      <Filter>ソース ファイル\system</Filter>
    </ClInclude>
    <ClInclude Include="system\IScene.h">
      <Filter>ソース ファイル\system</Filter>
    </ClInclude>
    <ClInclude Include="system\LineDrawer.h">
      <Filter>ソース ファイル\system</Filter>
    </ClInclude>
    <ClInclude Include="system\noncopyable.h">
      <Filter>ソース ファイル\system</Filter>
    </ClInclude>
    <ClInclude Include="system\parseobj.h">
      <Filter>ソース ファイル\system</Filter>
    </ClInclude>
    <ClInclude Include="system\renderer.h">
      <Filter>ソース ファイル\system</Filter>
    </ClInclude>
    <ClInclude Include="system\SphereDrawer.h">
      <Filter>ソース ファイル\system</Filter>
    </ClInclude>
    <ClInclude Include="system\stb_image.h">
      <Filter>ソース ファイル\system</Filter>
    </ClInclude>
    <ClInclude Include="system\transform.h">
      <Filter>ソース ファイル\system</Filter>
    </ClInclude>
    <ClInclude Include="system\imgui\imconfig.h">
      <Filter>ソース ファイル\system\Imgui</Filter>
    </ClInclude>
    <ClInclude Include="system\imgui\imgui.h">
      <Filter>ソース ファイル\system\Imgui</Filter>
    </ClInclude>
    <ClInclude Include="system\imgui\imgui_impl_dx11.h">
      <Filter>ソース ファイル\system\Imgui</Filter>
    </ClInclude>
    <ClInclude Include="system\imgui\imgui_impl_win32.h">
      <Filter>ソース ファイル\system\Imgui</Filter>
    </ClInclude>
    <ClInclude Include="system\imgui\imgui_internal.h">
      <Filter>ソース ファイル\system\Imgui</Filter>
    </ClInclude>
    <ClInclude Include="system\imgui\imstb_rectpack.h">
      <Filter>ソース ファイル\system\Imgui</Filter>
    </ClInclude>
    <ClInclude Include="system\imgui\imstb_textedit.h">
      <Filter>ソース ファイル\system\Imgui</Filter>
    </ClInclude>
    <ClInclude Include="system\imgui\imstb_truetype.h">
      <Filter>ソース ファイル\system\Imgui</Filter>
    </ClInclude>
    <ClInclude Include="CarPhysics.h">
      <Filter>ヘッダー ファイル</Filter>
    </ClInclude>
    <ClInclude Include="SparkEmitter.h">
      <Filter>ヘッダー ファイル</Filter>
    </ClInclude>
    <ClInclude Include="BlastEnemy.h">
      <Filter>ヘッダー ファイル</Filter>
    </ClInclude>
    <ClInclude Include="Enemies.h">
      <Filter>ヘッダー ファイル</Filter>
    </ClInclude>
    <ClInclude Include="ObjectBase.h">
      <Filter>ヘッダー ファイル</Filter>
    </ClInclude>
    <ClInclude Include="Enemy.h">
      <Filter>ヘッダー ファイル\Object</Filter>
    </ClInclude>
    <ClInclude Include="Player.h">
      <Filter>ヘッダー ファイル\Object</Filter>
    </ClInclude>
    <ClInclude Include="Road.h">
      <Filter>ヘッダー ファイル\Object</Filter>
    </ClInclude>
    <ClInclude Include="Field.h">
      <Filter>ヘッダー ファイル\Object</Filter>
    </ClInclude>
    <ClInclude Include="CTerrainMesh.h">
      <Filter>ヘッダー ファイル</Filter>
    </ClInclude>
    <ClInclude Include="Start.h">
      <Filter>ヘッダー ファイル\Object</Filter>
    </ClInclude>
    <ClInclude Include="Goal.h">
      <Filter>ヘッダー ファイル\Object</Filter>
    </ClInclude>
    <ClInclude Include="CarDriveScene.h">
      <Filter>ヘッダー ファイル\Scene</Filter>
    </ClInclude>
    <ClInclude Include="game.h">
      <Filter>ヘッダー ファイル\Scene</Filter>
    </ClInclude>
    <ClInclude Include="scenemanager.h">
      <Filter>ヘッダー ファイル\Scene</Filter>
    </ClInclude>
    <ClInclude Include="Billboard.h">
      <Filter>ヘッダー ファイル</Filter>
    </ClInclude>
    <ClInclude Include="ChaseCamera.h">
      <Filter>ヘッダー ファイル</Filter>
    </ClInclude>
    <ClInclude Include="ScreenFixedBillboard.h">
      <Filter>ヘッダー ファイル</Filter>
    </ClInclude>
    <ClInclude Include="ScreenGaugeBillboard.h">
      <Filter>ヘッダー ファイル</Filter>
    </ClInclude>
    <ClInclude Include="BoostItem.h">
      <Filter>ヘッダー ファイル\Object</Filter>
    </ClInclude>
    <ClInclude Include="SpeedMator.h">
      <Filter>ヘッダー ファイル\Object</Filter>
    </ClInclude>
    <ClInclude Include="NumberRenderer.h">
      <Filter>ヘッダー ファイル</Filter>
    </ClInclude>
    <ClInclude Include="Title.h">
      <Filter>ヘッダー ファイル\Scene</Filter>
    </ClInclude>
    <ClInclude Include="BaseRoad.h">
      <Filter>ヘッダー ファイル\Object\Road</Filter>
    </ClInclude>
    <ClInclude Include="RoadManager.h">
      <Filter>ヘッダー ファイル\Object\Road</Filter>
    </ClInclude>
    <ClInclude Include="LeftTurnRoad.h">
      <Filter>ヘッダー ファイル\Object\Road</Filter>
    </ClInclude>
    <ClInclude Include="StraightRoad.h">
      <Filter>ヘッダー ファイル\Object\Road</Filter>
    </ClInclude>
    <ClInclude Include="GameManager.h">
      <Filter>ヘッダー ファイル</Filter>
    </ClInclude>
    <ClInclude Include="Ending.h">
      <Filter>ヘッダー ファイル\Scene</Filter>
    </ClInclude>
    <ClInclude Include="TextureCache.h">
      <Filter>ヘッダー ファイル</Filter>
    </ClInclude>
    <ClInclude Include="PostProcessManager.h">
      <Filter>ヘッダー ファイル</Filter>
    </ClInclude>
    <ClInclude Include="EffeectManager.h">
      <Filter>ヘッダー ファイル\Manager</Filter>
    </ClInclude>
    <ClInclude Include="PlayerStateManager.h">
      <Filter>ヘッダー ファイル\Manager</Filter>
    </ClInclude>
    <ClInclude Include="ParticleTypes.h">
      <Filter>ヘッダー ファイル</Filter>
    </ClInclude>
  </ItemGroup>
  <ItemGroup>
    <ClCompile Include="Application.cpp">
      <Filter>ソース ファイル</Filter>
    </ClCompile>
    <ClCompile Include="camera.cpp">
      <Filter>ソース ファイル</Filter>
    </ClCompile>
    <ClCompile Include="main.cpp">
      <Filter>ソース ファイル</Filter>
    </ClCompile>
    <ClCompile Include="Skydome.cpp">
      <Filter>ソース ファイル</Filter>
    </ClCompile>
    <ClCompile Include="system\AssimpPerse.cpp">
      <Filter>ソース ファイル\system</Filter>
    </ClCompile>
    <ClCompile Include="system\BoxDrawer.cpp">
      <Filter>ソース ファイル\system</Filter>
    </ClCompile>
    <ClCompile Include="system\C3DShape.cpp">
      <Filter>ソース ファイル\system</Filter>
    </ClCompile>
    <ClCompile Include="system\CapsuleDrawer.cpp">
      <Filter>ソース ファイル\system</Filter>
    </ClCompile>
    <ClCompile Include="system\CConeMesh.cpp">
      <Filter>ソース ファイル\system</Filter>
    </ClCompile>
    <ClCompile Include="system\CCylinderMesh.cpp">
      <Filter>ソース ファイル\system</Filter>
    </ClCompile>
    <ClCompile Include="system\CLineMesh.cpp">
      <Filter>ソース ファイル\system</Filter>
    </ClCompile>
    <ClCompile Include="system\CObj3DMesh.cpp">
      <Filter>ソース ファイル\system</Filter>
    </ClCompile>
    <ClCompile Include="system\collision.cpp">
      <Filter>ソース ファイル\system</Filter>
    </ClCompile>
    <ClCompile Include="system\ConeDrawer.cpp">
      <Filter>ソース ファイル\system</Filter>
    </ClCompile>
    <ClCompile Include="system\CPlane.cpp">
      <Filter>ソース ファイル\system</Filter>
    </ClCompile>
    <ClCompile Include="system\CPlaneMesh.cpp">
      <Filter>ソース ファイル\system</Filter>
    </ClCompile>
    <ClCompile Include="system\CShader.cpp">
      <Filter>ソース ファイル\system</Filter>
    </ClCompile>
    <ClCompile Include="system\CSprite.cpp">
      <Filter>ソース ファイル\system</Filter>
    </ClCompile>
    <ClCompile Include="system\CStaticMesh.cpp">
      <Filter>ソース ファイル\system</Filter>
    </ClCompile>
    <ClCompile Include="system\CStaticMeshRenderer.cpp">
      <Filter>ソース ファイル\system</Filter>
    </ClCompile>
    <ClCompile Include="system\CTexture.cpp">
      <Filter>ソース ファイル\system</Filter>
    </ClCompile>
    <ClCompile Include="system\CylinderDrawer.cpp">
      <Filter>ソース ファイル\system</Filter>
    </ClCompile>
    <ClCompile Include="system\DebugUI.cpp">
      <Filter>ソース ファイル\system</Filter>
    </ClCompile>
    <ClCompile Include="system\dx11helper.cpp">
      <Filter>ソース ファイル\system</Filter>
    </ClCompile>
    <ClCompile Include="system\LineDrawer.cpp">
      <Filter>ソース ファイル\system</Filter>
    </ClCompile>
    <ClCompile Include="system\parseobj.cpp">
      <Filter>ソース ファイル\system</Filter>
    </ClCompile>
    <ClCompile Include="system\renderer.cpp">
      <Filter>ソース ファイル\system</Filter>
    </ClCompile>
    <ClCompile Include="system\SphereDrawer.cpp">
      <Filter>ソース ファイル\system</Filter>
    </ClCompile>
    <ClCompile Include="system\stb.cpp">
      <Filter>ソース ファイル\system</Filter>
    </ClCompile>
    <ClCompile Include="system\imgui\imgui.cpp">
      <Filter>ソース ファイル\system\Imgui</Filter>
    </ClCompile>
    <ClCompile Include="system\imgui\imgui_demo.cpp">
      <Filter>ソース ファイル\system\Imgui</Filter>
    </ClCompile>
    <ClCompile Include="system\imgui\imgui_draw.cpp">
      <Filter>ソース ファイル\system\Imgui</Filter>
    </ClCompile>
    <ClCompile Include="system\imgui\imgui_impl_dx11.cpp">
      <Filter>ソース ファイル\system\Imgui</Filter>
    </ClCompile>
    <ClCompile Include="system\imgui\imgui_impl_win32.cpp">
      <Filter>ソース ファイル\system\Imgui</Filter>
    </ClCompile>
    <ClCompile Include="system\imgui\imgui_tables.cpp">
      <Filter>ソース ファイル\system\Imgui</Filter>
    </ClCompile>
    <ClCompile Include="system\imgui\imgui_widgets.cpp">
      <Filter>ソース ファイル\system\Imgui</Filter>
    </ClCompile>
    <ClCompile Include="CarPhysics.cpp">
      <Filter>ソース ファイル</Filter>
    </ClCompile>
    <ClCompile Include="SparkEmitter.cpp">
      <Filter>ソース ファイル</Filter>
    </ClCompile>
    <ClCompile Include="BlastEnemy.cpp">
      <Filter>ソース ファイル</Filter>
    </ClCompile>
    <ClCompile Include="Enemies.cpp">
      <Filter>ソース ファイル</Filter>
    </ClCompile>
    <ClCompile Include="Enemy.cpp">
      <Filter>ソース ファイル\Object</Filter>
    </ClCompile>
    <ClCompile Include="Player.cpp">
      <Filter>ソース ファイル\Object</Filter>
    </ClCompile>
    <ClCompile Include="ObjectBase.cpp">
      <Filter>ソース ファイル\Object</Filter>
    </ClCompile>
    <ClCompile Include="Road.cpp">
      <Filter>ソース ファイル\Object</Filter>
    </ClCompile>
    <ClCompile Include="Field.cpp">
      <Filter>ソース ファイル\Object</Filter>
    </ClCompile>
    <ClCompile Include="CTerrainMesh.cpp">
      <Filter>ソース ファイル</Filter>
    </ClCompile>
    <ClCompile Include="Start.cpp">
      <Filter>ソース ファイル\Object</Filter>
    </ClCompile>
    <ClCompile Include="Goal.cpp">
      <Filter>ソース ファイル\Object</Filter>
    </ClCompile>
    <ClCompile Include="CarDriveScene.cpp">
      <Filter>ソース ファイル\Scene</Filter>
    </ClCompile>
    <ClCompile Include="game.cpp">
      <Filter>ソース ファイル\Scene</Filter>
    </ClCompile>
    <ClCompile Include="scenemanager.cpp">
      <Filter>ソース ファイル\Scene</Filter>
    </ClCompile>
    <ClCompile Include="Billboard.cpp">
      <Filter>ソース ファイル</Filter>
    </ClCompile>
    <ClCompile Include="ChaseCamera.cpp">
      <Filter>ソース ファイル</Filter>
    </ClCompile>
    <ClCompile Include="ScreenFixedBillboard.cpp">
      <Filter>ソース ファイル</Filter>
    </ClCompile>
    <ClCompile Include="ScreenGaugeBillboard.cpp">
      <Filter>ソース ファイル</Filter>
    </ClCompile>
    <ClCompile Include="BoostItem.cpp">
      <Filter>ソース ファイル\Object</Filter>
    </ClCompile>
    <ClCompile Include="SpeedMator.cpp">
      <Filter>ソース ファイル</Filter>
    </ClCompile>
    <ClCompile Include="NumberRenderer.cpp">
      <Filter>ソース ファイル</Filter>
    </ClCompile>
    <ClCompile Include="Title.cpp">
      <Filter>ソース ファイル\Scene</Filter>
    </ClCompile>
    <ClCompile Include="BaseRoad.cpp">
      <Filter>ソース ファイル\Object\Road</Filter>
    </ClCompile>
    <ClCompile Include="RightTurnRoad.h">
      <Filter>ヘッダー ファイル\Object\Road</Filter>
    </ClCompile>
    <ClCompile Include="RoadManager.cpp">
      <Filter>ソース ファイル\Object\Road</Filter>
    </ClCompile>
    <ClCompile Include="StraightRoad.cpp">
      <Filter>ソース ファイル\Object\Road</Filter>
    </ClCompile>
    <ClCompile Include="PlayerStateManager.cpp">
      <Filter>ソース ファイル\Manager</Filter>
    </ClCompile>
    <ClCompile Include="GameManager.cpp">
      <Filter>ソース ファイル</Filter>
    </ClCompile>
    <ClCompile Include="Ending.cpp">
      <Filter>ソース ファイル\Scene</Filter>
    </ClCompile>
    <ClCompile Include="PostProcessManager.cpp">
      <Filter>ソース ファイル</Filter>
    </ClCompile>
    <ClCompile Include="EffectManager.cpp">
      <Filter>ソース ファイル\Manager</Filter>
    </ClCompile>
  </ItemGroup>
  <ItemGroup>
    <FxCompile Include="shader\chromatic_aberrationPS.hlsl">
      <Filter>ソース ファイル</Filter>
    </FxCompile>
    <FxCompile Include="shader\chromatic_aberrationVS.hlsl">
      <Filter>ソース ファイル</Filter>
    </FxCompile>
    <FxCompile Include="shader\Simple2DTexturePS.hlsl">
      <Filter>リソース ファイル</Filter>
    </FxCompile>
    <FxCompile Include="shader\VS_Particle.hlsl">
      <Filter>リソース ファイル</Filter>
    </FxCompile>
    <FxCompile Include="shader\radial_blurPS.hlsl">
      <Filter>リソース ファイル</Filter>
    </FxCompile>
    <FxCompile Include="shader\motion_blurPS.hlsl">
      <Filter>リソース ファイル</Filter>
    </FxCompile>
    <FxCompile Include="shader\PS_Particle.hlsl">
      <Filter>リソース ファイル</Filter>
    </FxCompile>
  </ItemGroup>
</Project>